// !$*UTF8*$!
{
	archiveVersion = 1;
	classes = {
	};
	objectVersion = 77;
	objects = {

/* Begin PBXContainerItemProxy section */
		A33AF0E62EE771F2006B39DE /* PBXContainerItemProxy */ = {
			isa = PBXContainerItemProxy;
			containerPortal = A33AF0CE2EE771F0006B39DE /* Project object */;
			proxyType = 1;
			remoteGlobalIDString = A33AF0D52EE771F0006B39DE;
			remoteInfo = allcountries;
		};
		A33AF0F02EE771F2006B39DE /* PBXContainerItemProxy */ = {
			isa = PBXContainerItemProxy;
			containerPortal = A33AF0CE2EE771F0006B39DE /* Project object */;
			proxyType = 1;
			remoteGlobalIDString = A33AF0D52EE771F0006B39DE;
			remoteInfo = allcountries;
		};
/* End PBXContainerItemProxy section */

/* Begin PBXFileReference section */
		A33AF0D62EE771F0006B39DE /* allcountries.app */ = {isa = PBXFileReference; explicitFileType = wrapper.application; includeInIndex = 0; path = allcountries.app; sourceTree = BUILT_PRODUCTS_DIR; };
		A33AF0E52EE771F2006B39DE /* allcountriesTests.xctest */ = {isa = PBXFileReference; explicitFileType = wrapper.cfbundle; includeInIndex = 0; path = allcountriesTests.xctest; sourceTree = BUILT_PRODUCTS_DIR; };
		A33AF0EF2EE771F2006B39DE /* allcountriesUITests.xctest */ = {isa = PBXFileReference; explicitFileType = wrapper.cfbundle; includeInIndex = 0; path = allcountriesUITests.xctest; sourceTree = BUILT_PRODUCTS_DIR; };
/* End PBXFileReference section */

/* Begin PBXFileSystemSynchronizedBuildFileExceptionSet section */
		A36891522EE7C33000348D79 /* Exceptions for "allcountries" folder in "allcountries" target */ = {
			isa = PBXFileSystemSynchronizedBuildFileExceptionSet;
			membershipExceptions = (
				Info.plist,
			);
			target = A33AF0D52EE771F0006B39DE /* allcountries */;
		};
/* End PBXFileSystemSynchronizedBuildFileExceptionSet section */

/* Begin PBXFileSystemSynchronizedRootGroup section */
		A33AF0D82EE771F0006B39DE /* allcountries */ = {
			isa = PBXFileSystemSynchronizedRootGroup;
			exceptions = (
				A36891522EE7C33000348D79 /* Exceptions for "allcountries" folder in "allcountries" target */,
			);
			path = allcountries;
			sourceTree = "<group>";
		};
		A33AF0E82EE771F2006B39DE /* allcountriesTests */ = {
			isa = PBXFileSystemSynchronizedRootGroup;
			path = allcountriesTests;
			sourceTree = "<group>";
		};
		A33AF0F22EE771F2006B39DE /* allcountriesUITests */ = {
			isa = PBXFileSystemSynchronizedRootGroup;
			path = allcountriesUITests;
			sourceTree = "<group>";
		};
/* End PBXFileSystemSynchronizedRootGroup section */

/* Begin PBXFrameworksBuildPhase section */
		A33AF0D32EE771F0006B39DE /* Frameworks */ = {
			isa = PBXFrameworksBuildPhase;
			buildActionMask = 2147483647;
			files = (
			);
			runOnlyForDeploymentPostprocessing = 0;
		};
		A33AF0E22EE771F2006B39DE /* Frameworks */ = {
			isa = PBXFrameworksBuildPhase;
			buildActionMask = 2147483647;
			files = (
			);
			runOnlyForDeploymentPostprocessing = 0;
		};
		A33AF0EC2EE771F2006B39DE /* Frameworks */ = {
			isa = PBXFrameworksBuildPhase;
			buildActionMask = 2147483647;
			files = (
			);
			runOnlyForDeploymentPostprocessing = 0;
		};
/* End PBXFrameworksBuildPhase section */

/* Begin PBXGroup section */
		A33AF0CD2EE771F0006B39DE = {
			isa = PBXGroup;
			children = (
				A33AF0D82EE771F0006B39DE /* allcountries */,
				A33AF0E82EE771F2006B39DE /* allcountriesTests */,
				A33AF0F22EE771F2006B39DE /* allcountriesUITests */,
				A33AF0D72EE771F0006B39DE /* Products */,
			);
			sourceTree = "<group>";
		};
		A33AF0D72EE771F0006B39DE /* Products */ = {
			isa = PBXGroup;
			children = (
				A33AF0D62EE771F0006B39DE /* allcountries.app */,
				A33AF0E52EE771F2006B39DE /* allcountriesTests.xctest */,
				A33AF0EF2EE771F2006B39DE /* allcountriesUITests.xctest */,
			);
			name = Products;
			sourceTree = "<group>";
		};
/* End PBXGroup section */

/* Begin PBXNativeTarget section */
		A33AF0D52EE771F0006B39DE /* allcountries */ = {
			isa = PBXNativeTarget;
			buildConfigurationList = A33AF0F92EE771F2006B39DE /* Build configuration list for PBXNativeTarget "allcountries" */;
			buildPhases = (
				A33AF0D22EE771F0006B39DE /* Sources */,
				A33AF0D32EE771F0006B39DE /* Frameworks */,
				A33AF0D42EE771F0006B39DE /* Resources */,
			);
			buildRules = (
			);
			dependencies = (
			);
			fileSystemSynchronizedGroups = (
				A33AF0D82EE771F0006B39DE /* allcountries */,
			);
			name = allcountries;
			packageProductDependencies = (
			);
			productName = allcountries;
			productReference = A33AF0D62EE771F0006B39DE /* allcountries.app */;
			productType = "com.apple.product-type.application";
		};
		A33AF0E42EE771F2006B39DE /* allcountriesTests */ = {
			isa = PBXNativeTarget;
			buildConfigurationList = A33AF0FC2EE771F2006B39DE /* Build configuration list for PBXNativeTarget "allcountriesTests" */;
			buildPhases = (
				A33AF0E12EE771F2006B39DE /* Sources */,
				A33AF0E22EE771F2006B39DE /* Frameworks */,
				A33AF0E32EE771F2006B39DE /* Resources */,
			);
			buildRules = (
			);
			dependencies = (
				A33AF0E72EE771F2006B39DE /* PBXTargetDependency */,
			);
			fileSystemSynchronizedGroups = (
				A33AF0E82EE771F2006B39DE /* allcountriesTests */,
			);
			name = allcountriesTests;
			packageProductDependencies = (
			);
			productName = allcountriesTests;
			productReference = A33AF0E52EE771F2006B39DE /* allcountriesTests.xctest */;
			productType = "com.apple.product-type.bundle.unit-test";
		};
		A33AF0EE2EE771F2006B39DE /* allcountriesUITests */ = {
			isa = PBXNativeTarget;
			buildConfigurationList = A33AF0FF2EE771F2006B39DE /* Build configuration list for PBXNativeTarget "allcountriesUITests" */;
			buildPhases = (
				A33AF0EB2EE771F2006B39DE /* Sources */,
				A33AF0EC2EE771F2006B39DE /* Frameworks */,
				A33AF0ED2EE771F2006B39DE /* Resources */,
			);
			buildRules = (
			);
			dependencies = (
				A33AF0F12EE771F2006B39DE /* PBXTargetDependency */,
			);
			fileSystemSynchronizedGroups = (
				A33AF0F22EE771F2006B39DE /* allcountriesUITests */,
			);
			name = allcountriesUITests;
			packageProductDependencies = (
			);
			productName = allcountriesUITests;
			productReference = A33AF0EF2EE771F2006B39DE /* allcountriesUITests.xctest */;
			productType = "com.apple.product-type.bundle.ui-testing";
		};
/* End PBXNativeTarget section */

/* Begin PBXProject section */
		A33AF0CE2EE771F0006B39DE /* Project object */ = {
			isa = PBXProject;
			attributes = {
				BuildIndependentTargetsInParallel = 1;
				LastSwiftUpdateCheck = 1630;
				LastUpgradeCheck = 1630;
				TargetAttributes = {
					A33AF0D52EE771F0006B39DE = {
						CreatedOnToolsVersion = 16.3;
					};
					A33AF0E42EE771F2006B39DE = {
						CreatedOnToolsVersion = 16.3;
						LastSwiftMigration = 1630;
						TestTargetID = A33AF0D52EE771F0006B39DE;
					};
					A33AF0EE2EE771F2006B39DE = {
						CreatedOnToolsVersion = 16.3;
						TestTargetID = A33AF0D52EE771F0006B39DE;
					};
				};
			};
			buildConfigurationList = A33AF0D12EE771F0006B39DE /* Build configuration list for PBXProject "allcountries" */;
			developmentRegion = en;
			hasScannedForEncodings = 0;
			knownRegions = (
				en,
				Base,
			);
			mainGroup = A33AF0CD2EE771F0006B39DE;
			minimizedProjectReferenceProxies = 1;
			preferredProjectObjectVersion = 77;
			productRefGroup = A33AF0D72EE771F0006B39DE /* Products */;
			projectDirPath = "";
			projectRoot = "";
			targets = (
				A33AF0D52EE771F0006B39DE /* allcountries */,
				A33AF0E42EE771F2006B39DE /* allcountriesTests */,
				A33AF0EE2EE771F2006B39DE /* allcountriesUITests */,
			);
		};
/* End PBXProject section */

/* Begin PBXResourcesBuildPhase section */
		A33AF0D42EE771F0006B39DE /* Resources */ = {
			isa = PBXResourcesBuildPhase;
			buildActionMask = 2147483647;
			files = (
			);
			runOnlyForDeploymentPostprocessing = 0;
		};
		A33AF0E32EE771F2006B39DE /* Resources */ = {
			isa = PBXResourcesBuildPhase;
			buildActionMask = 2147483647;
			files = (
			);
			runOnlyForDeploymentPostprocessing = 0;
		};
		A33AF0ED2EE771F2006B39DE /* Resources */ = {
			isa = PBXResourcesBuildPhase;
			buildActionMask = 2147483647;
			files = (
			);
			runOnlyForDeploymentPostprocessing = 0;
		};
/* End PBXResourcesBuildPhase section */

/* Begin PBXSourcesBuildPhase section */
		A33AF0D22EE771F0006B39DE /* Sources */ = {
			isa = PBXSourcesBuildPhase;
			buildActionMask = 2147483647;
			files = (
			);
			runOnlyForDeploymentPostprocessing = 0;
		};
		A33AF0E12EE771F2006B39DE /* Sources */ = {
			isa = PBXSourcesBuildPhase;
			buildActionMask = 2147483647;
			files = (
			);
			runOnlyForDeploymentPostprocessing = 0;
		};
		A33AF0EB2EE771F2006B39DE /* Sources */ = {
			isa = PBXSourcesBuildPhase;
			buildActionMask = 2147483647;
			files = (
			);
			runOnlyForDeploymentPostprocessing = 0;
		};
/* End PBXSourcesBuildPhase section */

/* Begin PBXTargetDependency section */
		A33AF0E72EE771F2006B39DE /* PBXTargetDependency */ = {
			isa = PBXTargetDependency;
			target = A33AF0D52EE771F0006B39DE /* allcountries */;
			targetProxy = A33AF0E62EE771F2006B39DE /* PBXContainerItemProxy */;
		};
		A33AF0F12EE771F2006B39DE /* PBXTargetDependency */ = {
			isa = PBXTargetDependency;
			target = A33AF0D52EE771F0006B39DE /* allcountries */;
			targetProxy = A33AF0F02EE771F2006B39DE /* PBXContainerItemProxy */;
		};
/* End PBXTargetDependency section */

/* Begin XCBuildConfiguration section */
		A33AF0F72EE771F2006B39DE /* Debug */ = {
			isa = XCBuildConfiguration;
			buildSettings = {
				ALWAYS_SEARCH_USER_PATHS = NO;
				ASSETCATALOG_COMPILER_GENERATE_SWIFT_ASSET_SYMBOL_EXTENSIONS = YES;
				CLANG_ANALYZER_NONNULL = YES;
				CLANG_ANALYZER_NUMBER_OBJECT_CONVERSION = YES_AGGRESSIVE;
				CLANG_CXX_LANGUAGE_STANDARD = "gnu++20";
				CLANG_ENABLE_MODULES = YES;
				CLANG_ENABLE_OBJC_ARC = YES;
				CLANG_ENABLE_OBJC_WEAK = YES;
				CLANG_WARN_BLOCK_CAPTURE_AUTORELEASING = YES;
				CLANG_WARN_BOOL_CONVERSION = YES;
				CLANG_WARN_COMMA = YES;
				CLANG_WARN_CONSTANT_CONVERSION = YES;
				CLANG_WARN_DEPRECATED_OBJC_IMPLEMENTATIONS = YES;
				CLANG_WARN_DIRECT_OBJC_ISA_USAGE = YES_ERROR;
				CLANG_WARN_DOCUMENTATION_COMMENTS = YES;
				CLANG_WARN_EMPTY_BODY = YES;
				CLANG_WARN_ENUM_CONVERSION = YES;
				CLANG_WARN_INFINITE_RECURSION = YES;
				CLANG_WARN_INT_CONVERSION = YES;
				CLANG_WARN_NON_LITERAL_NULL_CONVERSION = YES;
				CLANG_WARN_OBJC_IMPLICIT_RETAIN_SELF = YES;
				CLANG_WARN_OBJC_LITERAL_CONVERSION = YES;
				CLANG_WARN_OBJC_ROOT_CLASS = YES_ERROR;
				CLANG_WARN_QUOTED_INCLUDE_IN_FRAMEWORK_HEADER = YES;
				CLANG_WARN_RANGE_LOOP_ANALYSIS = YES;
				CLANG_WARN_STRICT_PROTOTYPES = YES;
				CLANG_WARN_SUSPICIOUS_MOVE = YES;
				CLANG_WARN_UNGUARDED_AVAILABILITY = YES_AGGRESSIVE;
				CLANG_WARN_UNREACHABLE_CODE = YES;
				CLANG_WARN__DUPLICATE_METHOD_MATCH = YES;
				COPY_PHASE_STRIP = NO;
				DEBUG_INFORMATION_FORMAT = dwarf;
				DEVELOPMENT_TEAM = 7TW6282C6A;
				ENABLE_STRICT_OBJC_MSGSEND = YES;
				ENABLE_TESTABILITY = YES;
				ENABLE_USER_SCRIPT_SANDBOXING = YES;
				GCC_C_LANGUAGE_STANDARD = gnu17;
				GCC_DYNAMIC_NO_PIC = NO;
				GCC_NO_COMMON_BLOCKS = YES;
				GCC_OPTIMIZATION_LEVEL = 0;
				GCC_PREPROCESSOR_DEFINITIONS = (
					"DEBUG=1",
					"$(inherited)",
				);
				GCC_WARN_64_TO_32_BIT_CONVERSION = YES;
				GCC_WARN_ABOUT_RETURN_TYPE = YES_ERROR;
				GCC_WARN_UNDECLARED_SELECTOR = YES;
				GCC_WARN_UNINITIALIZED_AUTOS = YES_AGGRESSIVE;
				GCC_WARN_UNUSED_FUNCTION = YES;
				GCC_WARN_UNUSED_VARIABLE = YES;
				IPHONEOS_DEPLOYMENT_TARGET = 18.4;
				LOCALIZATION_PREFERS_STRING_CATALOGS = YES;
				MTL_ENABLE_DEBUG_INFO = INCLUDE_SOURCE;
				MTL_FAST_MATH = YES;
				ONLY_ACTIVE_ARCH = YES;
				SDKROOT = iphoneos;
				SWIFT_ACTIVE_COMPILATION_CONDITIONS = "DEBUG $(inherited)";
				SWIFT_OPTIMIZATION_LEVEL = "-Onone";
			};
			name = Debug;
		};
		A33AF0F82EE771F2006B39DE /* Release */ = {
			isa = XCBuildConfiguration;
			buildSettings = {
				ALWAYS_SEARCH_USER_PATHS = NO;
				ASSETCATALOG_COMPILER_GENERATE_SWIFT_ASSET_SYMBOL_EXTENSIONS = YES;
				CLANG_ANALYZER_NONNULL = YES;
				CLANG_ANALYZER_NUMBER_OBJECT_CONVERSION = YES_AGGRESSIVE;
				CLANG_CXX_LANGUAGE_STANDARD = "gnu++20";
				CLANG_ENABLE_MODULES = YES;
				CLANG_ENABLE_OBJC_ARC = YES;
				CLANG_ENABLE_OBJC_WEAK = YES;
				CLANG_WARN_BLOCK_CAPTURE_AUTORELEASING = YES;
				CLANG_WARN_BOOL_CONVERSION = YES;
				CLANG_WARN_COMMA = YES;
				CLANG_WARN_CONSTANT_CONVERSION = YES;
				CLANG_WARN_DEPRECATED_OBJC_IMPLEMENTATIONS = YES;
				CLANG_WARN_DIRECT_OBJC_ISA_USAGE = YES_ERROR;
				CLANG_WARN_DOCUMENTATION_COMMENTS = YES;
				CLANG_WARN_EMPTY_BODY = YES;
				CLANG_WARN_ENUM_CONVERSION = YES;
				CLANG_WARN_INFINITE_RECURSION = YES;
				CLANG_WARN_INT_CONVERSION = YES;
				CLANG_WARN_NON_LITERAL_NULL_CONVERSION = YES;
				CLANG_WARN_OBJC_IMPLICIT_RETAIN_SELF = YES;
				CLANG_WARN_OBJC_LITERAL_CONVERSION = YES;
				CLANG_WARN_OBJC_ROOT_CLASS = YES_ERROR;
				CLANG_WARN_QUOTED_INCLUDE_IN_FRAMEWORK_HEADER = YES;
				CLANG_WARN_RANGE_LOOP_ANALYSIS = YES;
				CLANG_WARN_STRICT_PROTOTYPES = YES;
				CLANG_WARN_SUSPICIOUS_MOVE = YES;
				CLANG_WARN_UNGUARDED_AVAILABILITY = YES_AGGRESSIVE;
				CLANG_WARN_UNREACHABLE_CODE = YES;
				CLANG_WARN__DUPLICATE_METHOD_MATCH = YES;
				COPY_PHASE_STRIP = NO;
				DEBUG_INFORMATION_FORMAT = "dwarf-with-dsym";
				DEVELOPMENT_TEAM = 7TW6282C6A;
				ENABLE_NS_ASSERTIONS = NO;
				ENABLE_STRICT_OBJC_MSGSEND = YES;
				ENABLE_USER_SCRIPT_SANDBOXING = YES;
				GCC_C_LANGUAGE_STANDARD = gnu17;
				GCC_NO_COMMON_BLOCKS = YES;
				GCC_WARN_64_TO_32_BIT_CONVERSION = YES;
				GCC_WARN_ABOUT_RETURN_TYPE = YES_ERROR;
				GCC_WARN_UNDECLARED_SELECTOR = YES;
				GCC_WARN_UNINITIALIZED_AUTOS = YES_AGGRESSIVE;
				GCC_WARN_UNUSED_FUNCTION = YES;
				GCC_WARN_UNUSED_VARIABLE = YES;
				IPHONEOS_DEPLOYMENT_TARGET = 18.4;
				LOCALIZATION_PREFERS_STRING_CATALOGS = YES;
				MTL_ENABLE_DEBUG_INFO = NO;
				MTL_FAST_MATH = YES;
				SDKROOT = iphoneos;
				SWIFT_COMPILATION_MODE = wholemodule;
				VALIDATE_PRODUCT = YES;
			};
			name = Release;
		};
		A33AF0FA2EE771F2006B39DE /* Debug */ = {
			isa = XCBuildConfiguration;
			buildSettings = {
				ASSETCATALOG_COMPILER_APPICON_NAME = AppIcon;
				ASSETCATALOG_COMPILER_GLOBAL_ACCENT_COLOR_NAME = AccentColor;
				CODE_SIGN_STYLE = Automatic;
				CURRENT_PROJECT_VERSION = 1;
				DEVELOPMENT_TEAM = 7TW6282C6A;
				ENABLE_PREVIEWS = YES;
				GENERATE_INFOPLIST_FILE = YES;
				INFOPLIST_FILE = allcountries/Info.plist;
				INFOPLIST_KEY_CFBundleDisplayName = AllCountries;
				INFOPLIST_KEY_UIApplicationSceneManifest_Generation = YES;
				INFOPLIST_KEY_UIApplicationSupportsIndirectInputEvents = YES;
				INFOPLIST_KEY_UILaunchScreen_Generation = YES;
				INFOPLIST_KEY_UISupportedInterfaceOrientations_iPad = "UIInterfaceOrientationPortrait UIInterfaceOrientationPortraitUpsideDown UIInterfaceOrientationLandscapeLeft UIInterfaceOrientationLandscapeRight";
				INFOPLIST_KEY_UISupportedInterfaceOrientations_iPhone = "UIInterfaceOrientationPortrait UIInterfaceOrientationLandscapeLeft UIInterfaceOrientationLandscapeRight";
				LD_RUNPATH_SEARCH_PATHS = (
					"$(inherited)",
					"@executable_path/Frameworks",
				);
				MARKETING_VERSION = 1.0;
				PRODUCT_BUNDLE_IDENTIFIER = com.coutocode.allcountries;
				PRODUCT_NAME = "$(TARGET_NAME)";
				SWIFT_EMIT_LOC_STRINGS = YES;
				SWIFT_VERSION = 5.0;
				TARGETED_DEVICE_FAMILY = "1,2";
			};
			name = Debug;
		};
		A33AF0FB2EE771F2006B39DE /* Release */ = {
			isa = XCBuildConfiguration;
			buildSettings = {
				ASSETCATALOG_COMPILER_APPICON_NAME = AppIcon;
				ASSETCATALOG_COMPILER_GLOBAL_ACCENT_COLOR_NAME = AccentColor;
				CODE_SIGN_STYLE = Automatic;
				CURRENT_PROJECT_VERSION = 1;
				DEVELOPMENT_TEAM = 7TW6282C6A;
				ENABLE_PREVIEWS = YES;
				GENERATE_INFOPLIST_FILE = YES;
				INFOPLIST_FILE = allcountries/Info.plist;
				INFOPLIST_KEY_CFBundleDisplayName = AllCountries;
				INFOPLIST_KEY_UIApplicationSceneManifest_Generation = YES;
				INFOPLIST_KEY_UIApplicationSupportsIndirectInputEvents = YES;
				INFOPLIST_KEY_UILaunchScreen_Generation = YES;
				INFOPLIST_KEY_UISupportedInterfaceOrientations_iPad = "UIInterfaceOrientationPortrait UIInterfaceOrientationPortraitUpsideDown UIInterfaceOrientationLandscapeLeft UIInterfaceOrientationLandscapeRight";
				INFOPLIST_KEY_UISupportedInterfaceOrientations_iPhone = "UIInterfaceOrientationPortrait UIInterfaceOrientationLandscapeLeft UIInterfaceOrientationLandscapeRight";
				LD_RUNPATH_SEARCH_PATHS = (
					"$(inherited)",
					"@executable_path/Frameworks",
				);
				MARKETING_VERSION = 1.0;
				PRODUCT_BUNDLE_IDENTIFIER = com.coutocode.allcountries;
				PRODUCT_NAME = "$(TARGET_NAME)";
				SWIFT_EMIT_LOC_STRINGS = YES;
				SWIFT_VERSION = 5.0;
				TARGETED_DEVICE_FAMILY = "1,2";
			};
			name = Release;
		};
		A33AF0FD2EE771F2006B39DE /* Debug */ = {
			isa = XCBuildConfiguration;
			buildSettings = {
				BUNDLE_LOADER = "$(TEST_HOST)";
				CLANG_ENABLE_MODULES = YES;
				CODE_SIGN_STYLE = Automatic;
				CURRENT_PROJECT_VERSION = 1;
				DEVELOPMENT_TEAM = 7TW6282C6A;
				GENERATE_INFOPLIST_FILE = YES;
				IPHONEOS_DEPLOYMENT_TARGET = 18.4;
				MARKETING_VERSION = 1.0;
				PRODUCT_BUNDLE_IDENTIFIER = com.coutocode.allcountriesTests;
				PRODUCT_NAME = "$(TARGET_NAME)";
				SWIFT_EMIT_LOC_STRINGS = NO;
				SWIFT_OPTIMIZATION_LEVEL = "-Onone";
				SWIFT_VERSION = 5.0;
				TARGETED_DEVICE_FAMILY = "1,2";
				TEST_HOST = "$(BUILT_PRODUCTS_DIR)/allcountries.app/$(BUNDLE_EXECUTABLE_FOLDER_PATH)/allcountries";
			};
			name = Debug;
		};
		A33AF0FE2EE771F2006B39DE /* Release */ = {
			isa = XCBuildConfiguration;
			buildSettings = {
				BUNDLE_LOADER = "$(TEST_HOST)";
				CLANG_ENABLE_MODULES = YES;
				CODE_SIGN_STYLE = Automatic;
				CURRENT_PROJECT_VERSION = 1;
				DEVELOPMENT_TEAM = 7TW6282C6A;
				GENERATE_INFOPLIST_FILE = YES;
				IPHONEOS_DEPLOYMENT_TARGET = 18.4;
				MARKETING_VERSION = 1.0;
				PRODUCT_BUNDLE_IDENTIFIER = com.coutocode.allcountriesTests;
				PRODUCT_NAME = "$(TARGET_NAME)";
				SWIFT_EMIT_LOC_STRINGS = NO;
				SWIFT_VERSION = 5.0;
				TARGETED_DEVICE_FAMILY = "1,2";
				TEST_HOST = "$(BUILT_PRODUCTS_DIR)/allcountries.app/$(BUNDLE_EXECUTABLE_FOLDER_PATH)/allcountries";
			};
			name = Release;
		};
		A33AF1002EE771F2006B39DE /* Debug */ = {
			isa = XCBuildConfiguration;
			buildSettings = {
				CODE_SIGN_STYLE = Automatic;
				CURRENT_PROJECT_VERSION = 1;
				DEVELOPMENT_TEAM = 7TW6282C6A;
				GENERATE_INFOPLIST_FILE = YES;
				MARKETING_VERSION = 1.0;
				PRODUCT_BUNDLE_IDENTIFIER = com.coutocode.allcountriesUITests;
				PRODUCT_NAME = "$(TARGET_NAME)";
				SWIFT_EMIT_LOC_STRINGS = NO;
				SWIFT_VERSION = 5.0;
				TARGETED_DEVICE_FAMILY = "1,2";
				TEST_TARGET_NAME = allcountries;
			};
			name = Debug;
		};
		A33AF1012EE771F2006B39DE /* Release */ = {
			isa = XCBuildConfiguration;
			buildSettings = {
				CODE_SIGN_STYLE = Automatic;
				CURRENT_PROJECT_VERSION = 1;
				DEVELOPMENT_TEAM = 7TW6282C6A;
				GENERATE_INFOPLIST_FILE = YES;
				MARKETING_VERSION = 1.0;
				PRODUCT_BUNDLE_IDENTIFIER = com.coutocode.allcountriesUITests;
				PRODUCT_NAME = "$(TARGET_NAME)";
				SWIFT_EMIT_LOC_STRINGS = NO;
				SWIFT_VERSION = 5.0;
				TARGETED_DEVICE_FAMILY = "1,2";
				TEST_TARGET_NAME = allcountries;
			};
			name = Release;
		};
/* End XCBuildConfiguration section */

/* Begin XCConfigurationList section */
		A33AF0D12EE771F0006B39DE /* Build configuration list for PBXProject "allcountries" */ = {
			isa = XCConfigurationList;
			buildConfigurations = (
				A33AF0F72EE771F2006B39DE /* Debug */,
				A33AF0F82EE771F2006B39DE /* Release */,
			);
			defaultConfigurationIsVisible = 0;
			defaultConfigurationName = Release;
		};
		A33AF0F92EE771F2006B39DE /* Build configuration list for PBXNativeTarget "allcountries" */ = {
			isa = XCConfigurationList;
			buildConfigurations = (
				A33AF0FA2EE771F2006B39DE /* Debug */,
				A33AF0FB2EE771F2006B39DE /* Release */,
			);
			defaultConfigurationIsVisible = 0;
			defaultConfigurationName = Release;
		};
		A33AF0FC2EE771F2006B39DE /* Build configuration list for PBXNativeTarget "allcountriesTests" */ = {
			isa = XCConfigurationList;
			buildConfigurations = (
				A33AF0FD2EE771F2006B39DE /* Debug */,
				A33AF0FE2EE771F2006B39DE /* Release */,
			);
			defaultConfigurationIsVisible = 0;
			defaultConfigurationName = Release;
		};
		A33AF0FF2EE771F2006B39DE /* Build configuration list for PBXNativeTarget "allcountriesUITests" */ = {
			isa = XCConfigurationList;
			buildConfigurations = (
				A33AF1002EE771F2006B39DE /* Debug */,
				A33AF1012EE771F2006B39DE /* Release */,
			);
			defaultConfigurationIsVisible = 0;
			defaultConfigurationName = Release;
		};
/* End XCConfigurationList section */
	};
	rootObject = A33AF0CE2EE771F0006B39DE /* Project object */;
}
